// !$*UTF8*$!
{
	archiveVersion = 1;
	classes = {
	};
	objectVersion = 48;
	objects = {

/* Begin PBXBuildFile section */
		C24FD9FC20704F6B002BEEBE /* AppDelegate.swift in Sources */ = {isa = PBXBuildFile; fileRef = C24FD9FB20704F6B002BEEBE /* AppDelegate.swift */; };
		C24FD9FE20704F6B002BEEBE /* ViewController.swift in Sources */ = {isa = PBXBuildFile; fileRef = C24FD9FD20704F6B002BEEBE /* ViewController.swift */; };
		C24FDA0120704F6B002BEEBE /* Main.storyboard in Resources */ = {isa = PBXBuildFile; fileRef = C24FD9FF20704F6B002BEEBE /* Main.storyboard */; };
		C24FDA0320704F6B002BEEBE /* Assets.xcassets in Resources */ = {isa = PBXBuildFile; fileRef = C24FDA0220704F6B002BEEBE /* Assets.xcassets */; };
		C24FDA0620704F6B002BEEBE /* LaunchScreen.storyboard in Resources */ = {isa = PBXBuildFile; fileRef = C24FDA0420704F6B002BEEBE /* LaunchScreen.storyboard */; };
		C24FDA0E207053B2002BEEBE /* APIFile.swift in Sources */ = {isa = PBXBuildFile; fileRef = C24FDA0D207053B2002BEEBE /* APIFile.swift */; };
/* End PBXBuildFile section */

/* Begin PBXFileReference section */
		C24FD9F820704F6B002BEEBE /* restAPI.app */ = {isa = PBXFileReference; explicitFileType = wrapper.application; includeInIndex = 0; path = restAPI.app; sourceTree = BUILT_PRODUCTS_DIR; };
		C24FD9FB20704F6B002BEEBE /* AppDelegate.swift */ = {isa = PBXFileReference; lastKnownFileType = sourcecode.swift; path = AppDelegate.swift; sourceTree = "<group>"; };
		C24FD9FD20704F6B002BEEBE /* ViewController.swift */ = {isa = PBXFileReference; lastKnownFileType = sourcecode.swift; path = ViewController.swift; sourceTree = "<group>"; };
		C24FDA0020704F6B002BEEBE /* Base */ = {isa = PBXFileReference; lastKnownFileType = file.storyboard; name = Base; path = Base.lproj/Main.storyboard; sourceTree = "<group>"; };
		C24FDA0220704F6B002BEEBE /* Assets.xcassets */ = {isa = PBXFileReference; lastKnownFileType = folder.assetcatalog; path = Assets.xcassets; sourceTree = "<group>"; };
		C24FDA0520704F6B002BEEBE /* Base */ = {isa = PBXFileReference; lastKnownFileType = file.storyboard; name = Base; path = Base.lproj/LaunchScreen.storyboard; sourceTree = "<group>"; };
		C24FDA0720704F6B002BEEBE /* Info.plist */ = {isa = PBXFileReference; lastKnownFileType = text.plist.xml; path = Info.plist; sourceTree = "<group>"; };
		C24FDA0D207053B2002BEEBE /* APIFile.swift */ = {isa = PBXFileReference; lastKnownFileType = sourcecode.swift; path = APIFile.swift; sourceTree = "<group>"; };
/* End PBXFileReference section */

/* Begin PBXFrameworksBuildPhase section */
		C24FD9F520704F6B002BEEBE /* Frameworks */ = {
			isa = PBXFrameworksBuildPhase;
			buildActionMask = 2147483647;
			files = (
			);
			runOnlyForDeploymentPostprocessing = 0;
		};
/* End PBXFrameworksBuildPhase section */

/* Begin PBXGroup section */
		C24FD9EF20704F6B002BEEBE = {
			isa = PBXGroup;
			children = (
				C24FD9FA20704F6B002BEEBE /* restAPI */,
				C24FD9F920704F6B002BEEBE /* Products */,
			);
			sourceTree = "<group>";
		};
		C24FD9F920704F6B002BEEBE /* Products */ = {
			isa = PBXGroup;
			children = (
				C24FD9F820704F6B002BEEBE /* restAPI.app */,
			);
			name = Products;
			sourceTree = "<group>";
		};
		C24FD9FA20704F6B002BEEBE /* restAPI */ = {
			isa = PBXGroup;
			children = (
				C24FD9FB20704F6B002BEEBE /* AppDelegate.swift */,
				C24FDA0D207053B2002BEEBE /* APIFile.swift */,
				C24FD9FD20704F6B002BEEBE /* ViewController.swift */,
				C24FD9FF20704F6B002BEEBE /* Main.storyboard */,
				C24FDA0220704F6B002BEEBE /* Assets.xcassets */,
				C24FDA0420704F6B002BEEBE /* LaunchScreen.storyboard */,
				C24FDA0720704F6B002BEEBE /* Info.plist */,
			);
			path = restAPI;
			sourceTree = "<group>";
		};
/* End PBXGroup section */

/* Begin PBXNativeTarget section */
		C24FD9F720704F6B002BEEBE /* restAPI */ = {
			isa = PBXNativeTarget;
			buildConfigurationList = C24FDA0A20704F6B002BEEBE /* Build configuration list for PBXNativeTarget "restAPI" */;
			buildPhases = (
				C24FD9F420704F6B002BEEBE /* Sources */,
				C24FD9F520704F6B002BEEBE /* Frameworks */,
				C24FD9F620704F6B002BEEBE /* Resources */,
			);
			buildRules = (
			);
			dependencies = (
			);
			name = restAPI;
			productName = restAPI;
			productReference = C24FD9F820704F6B002BEEBE /* restAPI.app */;
			productType = "com.apple.product-type.application";
		};
/* End PBXNativeTarget section */

/* Begin PBXProject section */
		C24FD9F020704F6B002BEEBE /* Project object */ = {
			isa = PBXProject;
			attributes = {
				LastSwiftUpdateCheck = 0910;
				LastUpgradeCheck = 0910;
				ORGANIZATIONNAME = "Yogesh Agrawal";
				TargetAttributes = {
					C24FD9F720704F6B002BEEBE = {
						CreatedOnToolsVersion = 9.1;
						ProvisioningStyle = Automatic;
					};
				};
			};
			buildConfigurationList = C24FD9F320704F6B002BEEBE /* Build configuration list for PBXProject "restAPI" */;
			compatibilityVersion = "Xcode 8.0";
			developmentRegion = en;
			hasScannedForEncodings = 0;
			knownRegions = (
				en,
				Base,
			);
			mainGroup = C24FD9EF20704F6B002BEEBE;
			productRefGroup = C24FD9F920704F6B002BEEBE /* Products */;
			projectDirPath = "";
			projectRoot = "";
			targets = (
				C24FD9F720704F6B002BEEBE /* restAPI */,
			);
		};
/* End PBXProject section */

/* Begin PBXResourcesBuildPhase section */
		C24FD9F620704F6B002BEEBE /* Resources */ = {
			isa = PBXResourcesBuildPhase;
			buildActionMask = 2147483647;
			files = (
				C24FDA0620704F6B002BEEBE /* LaunchScreen.storyboard in Resources */,
				C24FDA0320704F6B002BEEBE /* Assets.xcassets in Resources */,
				C24FDA0120704F6B002BEEBE /* Main.storyboard in Resources */,
			);
			runOnlyForDeploymentPostprocessing = 0;
		};
/* End PBXResourcesBuildPhase section */

/* Begin PBXSourcesBuildPhase section */
		C24FD9F420704F6B002BEEBE /* Sources */ = {
			isa = PBXSourcesBuildPhase;
			buildActionMask = 2147483647;
			files = (
				C24FD9FE20704F6B002BEEBE /* ViewController.swift in Sources */,
				C24FD9FC20704F6B002BEEBE /* AppDelegate.swift in Sources */,
				C24FDA0E207053B2002BEEBE /* APIFile.swift in Sources */,
			);
			runOnlyForDeploymentPostprocessing = 0;
		};
/* End PBXSourcesBuildPhase section */

/* Begin PBXVariantGroup section */
		C24FD9FF20704F6B002BEEBE /* Main.storyboard */ = {
			isa = PBXVariantGroup;
			children = (
				C24FDA0020704F6B002BEEBE /* Base */,
			);
			name = Main.storyboard;
			sourceTree = "<group>";
		};
		C24FDA0420704F6B002BEEBE /* LaunchScreen.storyboard */ = {
			isa = PBXVariantGroup;
			children = (
				C24FDA0520704F6B002BEEBE /* Base */,
			);
			name = LaunchScreen.storyboard;
			sourceTree = "<group>";
		};
/* End PBXVariantGroup section */

/* Begin XCBuildConfiguration section */
		C24FDA0820704F6B002BEEBE /* Debug */ = {
			isa = XCBuildConfiguration;
			buildSettings = {
				ALWAYS_SEARCH_USER_PATHS = NO;
				CLANG_ANALYZER_NONNULL = YES;
				CLANG_ANALYZER_NUMBER_OBJECT_CONVERSION = YES_AGGRESSIVE;
				CLANG_CXX_LANGUAGE_STANDARD = "gnu++14";
				CLANG_CXX_LIBRARY = "libc++";
				CLANG_ENABLE_MODULES = YES;
				CLANG_ENABLE_OBJC_ARC = YES;
				CLANG_WARN_BLOCK_CAPTURE_AUTORELEASING = YES;
				CLANG_WARN_BOOL_CONVERSION = YES;
				CLANG_WARN_COMMA = YES;
				CLANG_WARN_CONSTANT_CONVERSION = YES;
				CLANG_WARN_DIRECT_OBJC_ISA_USAGE = YES_ERROR;
				CLANG_WARN_DOCUMENTATION_COMMENTS = YES;
				CLANG_WARN_EMPTY_BODY = YES;
				CLANG_WARN_ENUM_CONVERSION = YES;
				CLANG_WARN_INFINITE_RECURSION = YES;
				CLANG_WARN_INT_CONVERSION = YES;
				CLANG_WARN_NON_LITERAL_NULL_CONVERSION = YES;
				CLANG_WARN_OBJC_LITERAL_CONVERSION = YES;
				CLANG_WARN_OBJC_ROOT_CLASS = YES_ERROR;
				CLANG_WARN_RANGE_LOOP_ANALYSIS = YES;
				CLANG_WARN_STRICT_PROTOTYPES = YES;
				CLANG_WARN_SUSPICIOUS_MOVE = YES;
				CLANG_WARN_UNGUARDED_AVAILABILITY = YES_AGGRESSIVE;
				CLANG_WARN_UNREACHABLE_CODE = YES;
				CLANG_WARN__DUPLICATE_METHOD_MATCH = YES;
				CODE_SIGN_IDENTITY = "iPhone Developer";
				COPY_PHASE_STRIP = NO;
				DEBUG_INFORMATION_FORMAT = dwarf;
				ENABLE_STRICT_OBJC_MSGSEND = YES;
				ENABLE_TESTABILITY = YES;
				GCC_C_LANGUAGE_STANDARD = gnu11;
				GCC_DYNAMIC_NO_PIC = NO;
				GCC_NO_COMMON_BLOCKS = YES;
				GCC_OPTIMIZATION_LEVEL = 0;
				GCC_PREPROCESSOR_DEFINITIONS = (
					"DEBUG=1",
					"$(inherited)",
				);
				GCC_WARN_64_TO_32_BIT_CONVERSION = YES;
				GCC_WARN_ABOUT_RETURN_TYPE = YES_ERROR;
				GCC_WARN_UNDECLARED_SELECTOR = YES;
				GCC_WARN_UNINITIALIZED_AUTOS = YES_AGGRESSIVE;
				GCC_WARN_UNUSED_FUNCTION = YES;
				GCC_WARN_UNUSED_VARIABLE = YES;
				IPHONEOS_DEPLOYMENT_TARGET = 11.1;
				MTL_ENABLE_DEBUG_INFO = YES;
				ONLY_ACTIVE_ARCH = YES;
				SDKROOT = iphoneos;
				SWIFT_ACTIVE_COMPILATION_CONDITIONS = DEBUG;
				SWIFT_OPTIMIZATION_LEVEL = "-Onone";
			};
			name = Debug;
		};
		C24FDA0920704F6B002BEEBE /* Release */ = {
			isa = XCBuildConfiguration;
			buildSettings = {
				ALWAYS_SEARCH_USER_PATHS = NO;
				CLANG_ANALYZER_NONNULL = YES;
				CLANG_ANALYZER_NUMBER_OBJECT_CONVERSION = YES_AGGRESSIVE;
				CLANG_CXX_LANGUAGE_STANDARD = "gnu++14";
				CLANG_CXX_LIBRARY = "libc++";
				CLANG_ENABLE_MODULES = YES;
				CLANG_ENABLE_OBJC_ARC = YES;
				CLANG_WARN_BLOCK_CAPTURE_AUTORELEASING = YES;
				CLANG_WARN_BOOL_CONVERSION = YES;
				CLANG_WARN_COMMA = YES;
				CLANG_WARN_CONSTANT_CONVERSION = YES;
				CLANG_WARN_DIRECT_OBJC_ISA_USAGE = YES_ERROR;
				CLANG_WARN_DOCUMENTATION_COMMENTS = YES;
				CLANG_WARN_EMPTY_BODY = YES;
				CLANG_WARN_ENUM_CONVERSION = YES;
				CLANG_WARN_INFINITE_RECURSION = YES;
				CLANG_WARN_INT_CONVERSION = YES;
				CLANG_WARN_NON_LITERAL_NULL_CONVERSION = YES;
				CLANG_WARN_OBJC_LITERAL_CONVERSION = YES;
				CLANG_WARN_OBJC_ROOT_CLASS = YES_ERROR;
				CLANG_WARN_RANGE_LOOP_ANALYSIS = YES;
				CLANG_WARN_STRICT_PROTOTYPES = YES;
				CLANG_WARN_SUSPICIOUS_MOVE = YES;
				CLANG_WARN_UNGUARDED_AVAILABILITY = YES_AGGRESSIVE;
				CLANG_WARN_UNREACHABLE_CODE = YES;
				CLANG_WARN__DUPLICATE_METHOD_MATCH = YES;
				CODE_SIGN_IDENTITY = "iPhone Developer";
				COPY_PHASE_STRIP = NO;
				DEBUG_INFORMATION_FORMAT = "dwarf-with-dsym";
				ENABLE_NS_ASSERTIONS = NO;
				ENABLE_STRICT_OBJC_MSGSEND = YES;
				GCC_C_LANGUAGE_STANDARD = gnu11;
				GCC_NO_COMMON_BLOCKS = YES;
				GCC_WARN_64_TO_32_BIT_CONVERSION = YES;
				GCC_WARN_ABOUT_RETURN_TYPE = YES_ERROR;
				GCC_WARN_UNDECLARED_SELECTOR = YES;
				GCC_WARN_UNINITIALIZED_AUTOS = YES_AGGRESSIVE;
				GCC_WARN_UNUSED_FUNCTION = YES;
				GCC_WARN_UNUSED_VARIABLE = YES;
				IPHONEOS_DEPLOYMENT_TARGET = 11.1;
				MTL_ENABLE_DEBUG_INFO = NO;
				SDKROOT = iphoneos;
				SWIFT_OPTIMIZATION_LEVEL = "-Owholemodule";
				VALIDATE_PRODUCT = YES;
			};
			name = Release;
		};
		C24FDA0B20704F6B002BEEBE /* Debug */ = {
			isa = XCBuildConfiguration;
			buildSettings = {
				ASSETCATALOG_COMPILER_APPICON_NAME = AppIcon;
				CODE_SIGN_STYLE = Automatic;
				INFOPLIST_FILE = restAPI/Info.plist;
				LD_RUNPATH_SEARCH_PATHS = "$(inherited) @executable_path/Frameworks";
				PRODUCT_BUNDLE_IDENTIFIER = "yogesh-agrawal.restAPI";
				PRODUCT_NAME = "$(TARGET_NAME)";
				SWIFT_VERSION = 4.0;
				TARGETED_DEVICE_FAMILY = "1,2";
			};
			name = Debug;
		};
		C24FDA0C20704F6B002BEEBE /* Release */ = {
			isa = XCBuildConfiguration;
			buildSettings = {
				ASSETCATALOG_COMPILER_APPICON_NAME = AppIcon;
				CODE_SIGN_STYLE = Automatic;
				INFOPLIST_FILE = restAPI/Info.plist;
				LD_RUNPATH_SEARCH_PATHS = "$(inherited) @executable_path/Frameworks";
				PRODUCT_BUNDLE_IDENTIFIER = "yogesh-agrawal.restAPI";
				PRODUCT_NAME = "$(TARGET_NAME)";
				SWIFT_VERSION = 4.0;
				TARGETED_DEVICE_FAMILY = "1,2";
			};
			name = Release;
		};
/* End XCBuildConfiguration section */

/* Begin XCConfigurationList section */
		C24FD9F320704F6B002BEEBE /* Build configuration list for PBXProject "restAPI" */ = {
			isa = XCConfigurationList;
			buildConfigurations = (
				C24FDA0820704F6B002BEEBE /* Debug */,
				C24FDA0920704F6B002BEEBE /* Release */,
			);
			defaultConfigurationIsVisible = 0;
			defaultConfigurationName = Release;
		};
		C24FDA0A20704F6B002BEEBE /* Build configuration list for PBXNativeTarget "restAPI" */ = {
			isa = XCConfigurationList;
			buildConfigurations = (
				C24FDA0B20704F6B002BEEBE /* Debug */,
				C24FDA0C20704F6B002BEEBE /* Release */,
			);
			defaultConfigurationIsVisible = 0;
			defaultConfigurationName = Release;
		};
/* End XCConfigurationList section */
	};
	rootObject = C24FD9F020704F6B002BEEBE /* Project object */;
}
